
Microsoft Visual Studio Solution File, Format Version 12.00
# Visual Studio Version 16
VisualStudioVersion = 16.0.31005.135
MinimumVisualStudioVersion = 10.0.40219.1
Project("{9A19103F-16F7-4668-BE54-9A1E7A4F7556}") = "QuadraticEquation", "QuadraticEquation\QuadraticEquation.csproj", "{E1FBEB31-6058-42A3-BAAA-BD37CCC775FB}"
EndProject
Project("{9A19103F-16F7-4668-BE54-9A1E7A4F7556}") = "Greeting", "Greeting\Greeting.csproj", "{8A75843B-75CE-432D-9A67-09CF03964C19}"
EndProject
Project("{FAE04EC0-301F-11D3-BF4B-00C04F79EFBC}") = "Calculator", "Calculator\Calculator.csproj", "{77EDA8F3-624E-4A83-9D62-08479F1D8E61}"
EndProject
Project("{FAE04EC0-301F-11D3-BF4B-00C04F79EFBC}") = "LeapYear", "LeapYear\LeapYear.csproj", "{B704ADE3-5747-45A3-88C4-9707907F1062}"
EndProject
Project("{FAE04EC0-301F-11D3-BF4B-00C04F79EFBC}") = "PrimeNumber", "PrimeNumber\PrimeNumber.csproj", "{45932342-5AA6-4BC3-B243-98DC4CE32C01}"
EndProject
Project("{FAE04EC0-301F-11D3-BF4B-00C04F79EFBC}") = "SieveOfErathostenes", "SieveOfErathostenes\SieveOfErathostenes.csproj", "{5DE0F623-65C8-4C8D-84F7-BA624F5768B3}"
EndProject
Project("{FAE04EC0-301F-11D3-BF4B-00C04F79EFBC}") = "Factorial", "Factorial\Factorial.csproj", "{A57F5D96-09DC-4348-8A0A-BBD2389ABC5A}"
EndProject
Project("{FAE04EC0-301F-11D3-BF4B-00C04F79EFBC}") = "FibonacciNumbers", "FibonacciNumbers\FibonacciNumbers.csproj", "{FD413CF2-BDF5-4459-ACD3-E405E884AF85}"
EndProject
Project("{FAE04EC0-301F-11D3-BF4B-00C04F79EFBC}") = "QuadraticEquationWithCases", "QuadraticEquationWithCases\QuadraticEquationWithCases.csproj", "{9640D2E6-68D3-480B-9AFE-7C7C0FEDE0C4}"
EndProject
Project("{FAE04EC0-301F-11D3-BF4B-00C04F79EFBC}") = "AverageGradeOfClass", "AverageGradeOfClass\AverageGradeOfClass.csproj", "{92A9F924-1481-4847-AC62-75259B7EAE16}"
EndProject
Project("{FAE04EC0-301F-11D3-BF4B-00C04F79EFBC}") = "ConsoleCalculator", "ConsoleCalculator\ConsoleCalculator.csproj", "{A19C83E2-D093-4D5F-989A-532FD98C47B3}"
EndProject
Project("{FAE04EC0-301F-11D3-BF4B-00C04F79EFBC}") = "BiggestAndSmallestElementOfArray", "BiggestAndSmallestElementOfArray\BiggestAndSmallestElementOfArray.csproj", "{8AB3A230-B5C7-43E1-9CF3-53BA0864BDF4}"
EndProject
Project("{FAE04EC0-301F-11D3-BF4B-00C04F79EFBC}") = "BubbleSort", "BubbleSort\BubbleSort.csproj", "{FC4506A5-ED87-4C5C-B7B4-E5F8C29631AC}"
EndProject
Project("{FAE04EC0-301F-11D3-BF4B-00C04F79EFBC}") = "InversionsInArray", "InversionsInArray\InversionsInArray.csproj", "{112FC9F4-F3D1-41A6-98BC-553967C38A41}"
EndProject
Project("{FAE04EC0-301F-11D3-BF4B-00C04F79EFBC}") = "SumOfMatrix", "SumOfMatrix\SumOfMatrix.csproj", "{4B8E23BD-4EA5-444F-98B8-007FDA1058E3}"
EndProject
Project("{FAE04EC0-301F-11D3-BF4B-00C04F79EFBC}") = "WeekTemperatures", "WeekTemperatures\WeekTemperatures.csproj", "{51E14E41-8DA9-4A09-BEF2-95381614CAEB}"
EndProject
Global
	GlobalSection(SolutionConfigurationPlatforms) = preSolution
		Debug|Any CPU = Debug|Any CPU
		Release|Any CPU = Release|Any CPU
	EndGlobalSection
	GlobalSection(ProjectConfigurationPlatforms) = postSolution
		{E1FBEB31-6058-42A3-BAAA-BD37CCC775FB}.Debug|Any CPU.ActiveCfg = Debug|Any CPU
		{E1FBEB31-6058-42A3-BAAA-BD37CCC775FB}.Debug|Any CPU.Build.0 = Debug|Any CPU
		{E1FBEB31-6058-42A3-BAAA-BD37CCC775FB}.Release|Any CPU.ActiveCfg = Release|Any CPU
		{E1FBEB31-6058-42A3-BAAA-BD37CCC775FB}.Release|Any CPU.Build.0 = Release|Any CPU
		{8A75843B-75CE-432D-9A67-09CF03964C19}.Debug|Any CPU.ActiveCfg = Debug|Any CPU
		{8A75843B-75CE-432D-9A67-09CF03964C19}.Debug|Any CPU.Build.0 = Debug|Any CPU
		{8A75843B-75CE-432D-9A67-09CF03964C19}.Release|Any CPU.ActiveCfg = Release|Any CPU
		{8A75843B-75CE-432D-9A67-09CF03964C19}.Release|Any CPU.Build.0 = Release|Any CPU
		{77EDA8F3-624E-4A83-9D62-08479F1D8E61}.Debug|Any CPU.ActiveCfg = Debug|Any CPU
		{77EDA8F3-624E-4A83-9D62-08479F1D8E61}.Debug|Any CPU.Build.0 = Debug|Any CPU
		{77EDA8F3-624E-4A83-9D62-08479F1D8E61}.Release|Any CPU.ActiveCfg = Release|Any CPU
		{77EDA8F3-624E-4A83-9D62-08479F1D8E61}.Release|Any CPU.Build.0 = Release|Any CPU
		{B704ADE3-5747-45A3-88C4-9707907F1062}.Debug|Any CPU.ActiveCfg = Debug|Any CPU
		{B704ADE3-5747-45A3-88C4-9707907F1062}.Debug|Any CPU.Build.0 = Debug|Any CPU
		{B704ADE3-5747-45A3-88C4-9707907F1062}.Release|Any CPU.ActiveCfg = Release|Any CPU
		{B704ADE3-5747-45A3-88C4-9707907F1062}.Release|Any CPU.Build.0 = Release|Any CPU
		{45932342-5AA6-4BC3-B243-98DC4CE32C01}.Debug|Any CPU.ActiveCfg = Debug|Any CPU
		{45932342-5AA6-4BC3-B243-98DC4CE32C01}.Debug|Any CPU.Build.0 = Debug|Any CPU
		{45932342-5AA6-4BC3-B243-98DC4CE32C01}.Release|Any CPU.ActiveCfg = Release|Any CPU
		{45932342-5AA6-4BC3-B243-98DC4CE32C01}.Release|Any CPU.Build.0 = Release|Any CPU
		{5DE0F623-65C8-4C8D-84F7-BA624F5768B3}.Debug|Any CPU.ActiveCfg = Debug|Any CPU
		{5DE0F623-65C8-4C8D-84F7-BA624F5768B3}.Debug|Any CPU.Build.0 = Debug|Any CPU
		{5DE0F623-65C8-4C8D-84F7-BA624F5768B3}.Release|Any CPU.ActiveCfg = Release|Any CPU
		{5DE0F623-65C8-4C8D-84F7-BA624F5768B3}.Release|Any CPU.Build.0 = Release|Any CPU
		{A57F5D96-09DC-4348-8A0A-BBD2389ABC5A}.Debug|Any CPU.ActiveCfg = Debug|Any CPU
		{A57F5D96-09DC-4348-8A0A-BBD2389ABC5A}.Debug|Any CPU.Build.0 = Debug|Any CPU
		{A57F5D96-09DC-4348-8A0A-BBD2389ABC5A}.Release|Any CPU.ActiveCfg = Release|Any CPU
		{A57F5D96-09DC-4348-8A0A-BBD2389ABC5A}.Release|Any CPU.Build.0 = Release|Any CPU
		{FD413CF2-BDF5-4459-ACD3-E405E884AF85}.Debug|Any CPU.ActiveCfg = Debug|Any CPU
		{FD413CF2-BDF5-4459-ACD3-E405E884AF85}.Debug|Any CPU.Build.0 = Debug|Any CPU
		{FD413CF2-BDF5-4459-ACD3-E405E884AF85}.Release|Any CPU.ActiveCfg = Release|Any CPU
		{FD413CF2-BDF5-4459-ACD3-E405E884AF85}.Release|Any CPU.Build.0 = Release|Any CPU
		{9640D2E6-68D3-480B-9AFE-7C7C0FEDE0C4}.Debug|Any CPU.ActiveCfg = Debug|Any CPU
		{9640D2E6-68D3-480B-9AFE-7C7C0FEDE0C4}.Debug|Any CPU.Build.0 = Debug|Any CPU
		{9640D2E6-68D3-480B-9AFE-7C7C0FEDE0C4}.Release|Any CPU.ActiveCfg = Release|Any CPU
		{9640D2E6-68D3-480B-9AFE-7C7C0FEDE0C4}.Release|Any CPU.Build.0 = Release|Any CPU
		{92A9F924-1481-4847-AC62-75259B7EAE16}.Debug|Any CPU.ActiveCfg = Debug|Any CPU
		{92A9F924-1481-4847-AC62-75259B7EAE16}.Debug|Any CPU.Build.0 = Debug|Any CPU
		{92A9F924-1481-4847-AC62-75259B7EAE16}.Release|Any CPU.ActiveCfg = Release|Any CPU
		{92A9F924-1481-4847-AC62-75259B7EAE16}.Release|Any CPU.Build.0 = Release|Any CPU
		{A19C83E2-D093-4D5F-989A-532FD98C47B3}.Debug|Any CPU.ActiveCfg = Debug|Any CPU
		{A19C83E2-D093-4D5F-989A-532FD98C47B3}.Debug|Any CPU.Build.0 = Debug|Any CPU
		{A19C83E2-D093-4D5F-989A-532FD98C47B3}.Release|Any CPU.ActiveCfg = Release|Any CPU
		{A19C83E2-D093-4D5F-989A-532FD98C47B3}.Release|Any CPU.Build.0 = Release|Any CPU
		{8AB3A230-B5C7-43E1-9CF3-53BA0864BDF4}.Debug|Any CPU.ActiveCfg = Debug|Any CPU
		{8AB3A230-B5C7-43E1-9CF3-53BA0864BDF4}.Debug|Any CPU.Build.0 = Debug|Any CPU
		{8AB3A230-B5C7-43E1-9CF3-53BA0864BDF4}.Release|Any CPU.ActiveCfg = Release|Any CPU
		{8AB3A230-B5C7-43E1-9CF3-53BA0864BDF4}.Release|Any CPU.Build.0 = Release|Any CPU
		{FC4506A5-ED87-4C5C-B7B4-E5F8C29631AC}.Debug|Any CPU.ActiveCfg = Debug|Any CPU
		{FC4506A5-ED87-4C5C-B7B4-E5F8C29631AC}.Debug|Any CPU.Build.0 = Debug|Any CPU
		{FC4506A5-ED87-4C5C-B7B4-E5F8C29631AC}.Release|Any CPU.ActiveCfg = Release|Any CPU
		{FC4506A5-ED87-4C5C-B7B4-E5F8C29631AC}.Release|Any CPU.Build.0 = Release|Any CPU
		{112FC9F4-F3D1-41A6-98BC-553967C38A41}.Debug|Any CPU.ActiveCfg = Debug|Any CPU
		{112FC9F4-F3D1-41A6-98BC-553967C38A41}.Debug|Any CPU.Build.0 = Debug|Any CPU
		{112FC9F4-F3D1-41A6-98BC-553967C38A41}.Release|Any CPU.ActiveCfg = Release|Any CPU
		{112FC9F4-F3D1-41A6-98BC-553967C38A41}.Release|Any CPU.Build.0 = Release|Any CPU
		{4B8E23BD-4EA5-444F-98B8-007FDA1058E3}.Debug|Any CPU.ActiveCfg = Debug|Any CPU
		{4B8E23BD-4EA5-444F-98B8-007FDA1058E3}.Debug|Any CPU.Build.0 = Debug|Any CPU
		{4B8E23BD-4EA5-444F-98B8-007FDA1058E3}.Release|Any CPU.ActiveCfg = Release|Any CPU
		{4B8E23BD-4EA5-444F-98B8-007FDA1058E3}.Release|Any CPU.Build.0 = Release|Any CPU
		{51E14E41-8DA9-4A09-BEF2-95381614CAEB}.Debug|Any CPU.ActiveCfg = Debug|Any CPU
		{51E14E41-8DA9-4A09-BEF2-95381614CAEB}.Debug|Any CPU.Build.0 = Debug|Any CPU
		{51E14E41-8DA9-4A09-BEF2-95381614CAEB}.Release|Any CPU.ActiveCfg = Release|Any CPU
		{51E14E41-8DA9-4A09-BEF2-95381614CAEB}.Release|Any CPU.Build.0 = Release|Any CPU
	EndGlobalSection
	GlobalSection(SolutionProperties) = preSolution
		HideSolutionNode = FALSE
	EndGlobalSection
	GlobalSection(ExtensibilityGlobals) = postSolution
		SolutionGuid = {A894ED82-F45F-488B-BD7F-3BCE0F016A28}
	EndGlobalSection
EndGlobal
